
Microsoft Visual Studio Solution File, Format Version 12.00
# Visual Studio Version 17
VisualStudioVersion = 17.1.32328.378
MinimumVisualStudioVersion = 10.0.40219.1
Project("{9A19103F-16F7-4668-BE54-9A1E7A4F7556}") = "DeliveryDatesGenerator", "DeliveryDatesGenerator\DeliveryDatesGenerator.csproj", "{84BDD83E-00ED-4177-9B17-67BB86586FAA}"
EndProject
Project("{9A19103F-16F7-4668-BE54-9A1E7A4F7556}") = "DeliveryDatesGeneratorTests", "DeliveryDatesGeneratorTests\DeliveryDatesGeneratorTests.csproj", "{DAAE3368-79C9-4BC3-8B1C-45B011C47555}"
EndProject
Project("{9A19103F-16F7-4668-BE54-9A1E7A4F7556}") = "MathemWebApi", "MathemWebApi\MathemWebApi.csproj", "{49DBC445-3798-4C61-90F0-2F0A5D8EF7FF}"
EndProject
Global
	GlobalSection(SolutionConfigurationPlatforms) = preSolution
		Debug|Any CPU = Debug|Any CPU
		Release|Any CPU = Release|Any CPU
	EndGlobalSection
	GlobalSection(ProjectConfigurationPlatforms) = postSolution
		{84BDD83E-00ED-4177-9B17-67BB86586FAA}.Debug|Any CPU.ActiveCfg = Debug|Any CPU
		{84BDD83E-00ED-4177-9B17-67BB86586FAA}.Debug|Any CPU.Build.0 = Debug|Any CPU
		{84BDD83E-00ED-4177-9B17-67BB86586FAA}.Release|Any CPU.ActiveCfg = Release|Any CPU
		{84BDD83E-00ED-4177-9B17-67BB86586FAA}.Release|Any CPU.Build.0 = Release|Any CPU
		{DAAE3368-79C9-4BC3-8B1C-45B011C47555}.Debug|Any CPU.ActiveCfg = Debug|Any CPU
		{DAAE3368-79C9-4BC3-8B1C-45B011C47555}.Debug|Any CPU.Build.0 = Debug|Any CPU
		{DAAE3368-79C9-4BC3-8B1C-45B011C47555}.Release|Any CPU.ActiveCfg = Release|Any CPU
		{DAAE3368-79C9-4BC3-8B1C-45B011C47555}.Release|Any CPU.Build.0 = Release|Any CPU
		{49DBC445-3798-4C61-90F0-2F0A5D8EF7FF}.Debug|Any CPU.ActiveCfg = Debug|Any CPU
		{49DBC445-3798-4C61-90F0-2F0A5D8EF7FF}.Debug|Any CPU.Build.0 = Debug|Any CPU
		{49DBC445-3798-4C61-90F0-2F0A5D8EF7FF}.Release|Any CPU.ActiveCfg = Release|Any CPU
		{49DBC445-3798-4C61-90F0-2F0A5D8EF7FF}.Release|Any CPU.Build.0 = Release|Any CPU
	EndGlobalSection
	GlobalSection(SolutionProperties) = preSolution
		HideSolutionNode = FALSE
	EndGlobalSection
	GlobalSection(ExtensibilityGlobals) = postSolution
		SolutionGuid = {7A493BD1-14B3-4447-8C73-EF66CEC18CA2}
	EndGlobalSection
EndGlobal
